
Microsoft Visual Studio Solution File, Format Version 12.00
# Visual Studio Version 17
VisualStudioVersion = 17.9.34728.123
MinimumVisualStudioVersion = 10.0.40219.1
Project("{FAE04EC0-301F-11D3-BF4B-00C04F79EFBC}") = "Shopping", "Shopping\Shopping.csproj", "{E34CA708-3445-4E9A-893E-D17F87EBA64E}"
EndProject
Global
	GlobalSection(SolutionConfigurationPlatforms) = preSolution
		Debug|Any CPU = Debug|Any CPU
		Release|Any CPU = Release|Any CPU
	EndGlobalSection
	GlobalSection(ProjectConfigurationPlatforms) = postSolution
		{E34CA708-3445-4E9A-893E-D17F87EBA64E}.Debug|Any CPU.ActiveCfg = Debug|Any CPU
		{E34CA708-3445-4E9A-893E-D17F87EBA64E}.Debug|Any CPU.Build.0 = Debug|Any CPU
		{E34CA708-3445-4E9A-893E-D17F87EBA64E}.Release|Any CPU.ActiveCfg = Release|Any CPU
		{E34CA708-3445-4E9A-893E-D17F87EBA64E}.Release|Any CPU.Build.0 = Release|Any CPU
	EndGlobalSection
	GlobalSection(SolutionProperties) = preSolution
		HideSolutionNode = FALSE
	EndGlobalSection
	GlobalSection(ExtensibilityGlobals) = postSolution
		SolutionGuid = {65E00B13-A8EA-43AD-BD96-3C9AC263DC69}
	EndGlobalSection
EndGlobal
